
Microsoft Visual Studio Solution File, Format Version 12.00
# Visual Studio 2012
Project("{FAE04EC0-301F-11D3-BF4B-00C04F79EFBC}") = "Sharpen", "Sharpen\Sharpen\Sharpen.csproj", "{72944A6C-45FF-4EF8-B349-8C9CABF519D4}"
EndProject
Project("{FAE04EC0-301F-11D3-BF4B-00C04F79EFBC}") = "Rhino", "Rhino\Rhino.csproj", "{FFA067FA-EB0F-4B26-92FF-76D435D1F690}"
EndProject
Project("{FAE04EC0-301F-11D3-BF4B-00C04F79EFBC}") = "Rhino.Tools.Shell", "Rhino.Tools.Shell\Rhino.Tools.Shell.csproj", "{2F70C72B-5E72-4E39-8EFE-17CC5DAC921F}"
EndProject
Project("{FAE04EC0-301F-11D3-BF4B-00C04F79EFBC}") = "Rhino.Tools.Jsc", "Rhino.Tools.Jsc\Rhino.Tools.Jsc.csproj", "{6F7D58F4-86D1-49E5-ACD1-9CF8A5DD2209}"
EndProject
Project("{FAE04EC0-301F-11D3-BF4B-00C04F79EFBC}") = "Rhino.Tools.IdSwitch", "Rhino.Tools.IdSwitch\Rhino.Tools.IdSwitch.csproj", "{8EE080DE-D1FE-4E3D-9C95-9820A062D0E2}"
EndProject
Project("{FAE04EC0-301F-11D3-BF4B-00C04F79EFBC}") = "Rhino.Tools.JsConsole", "Rhino.Tools.JSConsole\Rhino.Tools.JsConsole.csproj", "{F587D0D4-EB39-4742-B656-DC1C4BBD6AA3}"
EndProject
Project("{FAE04EC0-301F-11D3-BF4B-00C04F79EFBC}") = "Rhino.Tests", "Rhino.Tests\Rhino.Tests.csproj", "{59DBBB80-3651-484E-AB48-BD33A9776C1D}"
EndProject
Project("{2150E333-8FDC-42A3-9474-1A3956D46DE8}") = ".nuget", ".nuget", "{C51D6AE1-9AD1-41A7-BD5B-5C584FA16649}"
	ProjectSection(SolutionItems) = preProject
		.nuget\packages.config = .nuget\packages.config
	EndProjectSection
EndProject
Project("{FAE04EC0-301F-11D3-BF4B-00C04F79EFBC}") = "Rhino.Tools.Debugger", "Rhino.Tools.Debugger\Rhino.Tools.Debugger.csproj", "{D693B419-B3E7-47FA-851A-A66C493426E9}"
EndProject
Global
	GlobalSection(SolutionConfigurationPlatforms) = preSolution
		AllFeatures|Any CPU = AllFeatures|Any CPU
		Debug|Any CPU = Debug|Any CPU
		Release|Any CPU = Release|Any CPU
	EndGlobalSection
	GlobalSection(ProjectConfigurationPlatforms) = postSolution
		{72944A6C-45FF-4EF8-B349-8C9CABF519D4}.AllFeatures|Any CPU.ActiveCfg = Release|Any CPU
		{72944A6C-45FF-4EF8-B349-8C9CABF519D4}.AllFeatures|Any CPU.Build.0 = Release|Any CPU
		{72944A6C-45FF-4EF8-B349-8C9CABF519D4}.Debug|Any CPU.ActiveCfg = Debug|Any CPU
		{72944A6C-45FF-4EF8-B349-8C9CABF519D4}.Debug|Any CPU.Build.0 = Debug|Any CPU
		{72944A6C-45FF-4EF8-B349-8C9CABF519D4}.Release|Any CPU.ActiveCfg = Release|Any CPU
		{72944A6C-45FF-4EF8-B349-8C9CABF519D4}.Release|Any CPU.Build.0 = Release|Any CPU
		{FFA067FA-EB0F-4B26-92FF-76D435D1F690}.AllFeatures|Any CPU.ActiveCfg = AllFeatures|Any CPU
		{FFA067FA-EB0F-4B26-92FF-76D435D1F690}.AllFeatures|Any CPU.Build.0 = AllFeatures|Any CPU
		{FFA067FA-EB0F-4B26-92FF-76D435D1F690}.Debug|Any CPU.ActiveCfg = Debug|Any CPU
		{FFA067FA-EB0F-4B26-92FF-76D435D1F690}.Debug|Any CPU.Build.0 = Debug|Any CPU
		{FFA067FA-EB0F-4B26-92FF-76D435D1F690}.Release|Any CPU.ActiveCfg = Release|Any CPU
		{FFA067FA-EB0F-4B26-92FF-76D435D1F690}.Release|Any CPU.Build.0 = Release|Any CPU
		{2F70C72B-5E72-4E39-8EFE-17CC5DAC921F}.AllFeatures|Any CPU.ActiveCfg = AllFeatures|Any CPU
		{2F70C72B-5E72-4E39-8EFE-17CC5DAC921F}.AllFeatures|Any CPU.Build.0 = AllFeatures|Any CPU
		{2F70C72B-5E72-4E39-8EFE-17CC5DAC921F}.Debug|Any CPU.ActiveCfg = Debug|Any CPU
		{2F70C72B-5E72-4E39-8EFE-17CC5DAC921F}.Debug|Any CPU.Build.0 = Debug|Any CPU
		{2F70C72B-5E72-4E39-8EFE-17CC5DAC921F}.Release|Any CPU.ActiveCfg = Release|Any CPU
		{2F70C72B-5E72-4E39-8EFE-17CC5DAC921F}.Release|Any CPU.Build.0 = Release|Any CPU
		{6F7D58F4-86D1-49E5-ACD1-9CF8A5DD2209}.AllFeatures|Any CPU.ActiveCfg = AllFeatures|Any CPU
		{6F7D58F4-86D1-49E5-ACD1-9CF8A5DD2209}.AllFeatures|Any CPU.Build.0 = AllFeatures|Any CPU
		{6F7D58F4-86D1-49E5-ACD1-9CF8A5DD2209}.Debug|Any CPU.ActiveCfg = Debug|Any CPU
		{6F7D58F4-86D1-49E5-ACD1-9CF8A5DD2209}.Debug|Any CPU.Build.0 = Debug|Any CPU
		{6F7D58F4-86D1-49E5-ACD1-9CF8A5DD2209}.Release|Any CPU.ActiveCfg = Release|Any CPU
		{6F7D58F4-86D1-49E5-ACD1-9CF8A5DD2209}.Release|Any CPU.Build.0 = Release|Any CPU
		{8EE080DE-D1FE-4E3D-9C95-9820A062D0E2}.AllFeatures|Any CPU.ActiveCfg = AllFeatures|Any CPU
		{8EE080DE-D1FE-4E3D-9C95-9820A062D0E2}.AllFeatures|Any CPU.Build.0 = AllFeatures|Any CPU
		{8EE080DE-D1FE-4E3D-9C95-9820A062D0E2}.Debug|Any CPU.ActiveCfg = Debug|Any CPU
		{8EE080DE-D1FE-4E3D-9C95-9820A062D0E2}.Debug|Any CPU.Build.0 = Debug|Any CPU
		{8EE080DE-D1FE-4E3D-9C95-9820A062D0E2}.Release|Any CPU.ActiveCfg = Release|Any CPU
		{8EE080DE-D1FE-4E3D-9C95-9820A062D0E2}.Release|Any CPU.Build.0 = Release|Any CPU
		{F587D0D4-EB39-4742-B656-DC1C4BBD6AA3}.AllFeatures|Any CPU.ActiveCfg = AllFeatures|Any CPU
		{F587D0D4-EB39-4742-B656-DC1C4BBD6AA3}.AllFeatures|Any CPU.Build.0 = AllFeatures|Any CPU
		{F587D0D4-EB39-4742-B656-DC1C4BBD6AA3}.Debug|Any CPU.ActiveCfg = Debug|Any CPU
		{F587D0D4-EB39-4742-B656-DC1C4BBD6AA3}.Debug|Any CPU.Build.0 = Debug|Any CPU
		{F587D0D4-EB39-4742-B656-DC1C4BBD6AA3}.Release|Any CPU.ActiveCfg = Release|Any CPU
		{F587D0D4-EB39-4742-B656-DC1C4BBD6AA3}.Release|Any CPU.Build.0 = Release|Any CPU
		{59DBBB80-3651-484E-AB48-BD33A9776C1D}.AllFeatures|Any CPU.ActiveCfg = AllFeatures|Any CPU
		{59DBBB80-3651-484E-AB48-BD33A9776C1D}.AllFeatures|Any CPU.Build.0 = AllFeatures|Any CPU
		{59DBBB80-3651-484E-AB48-BD33A9776C1D}.Debug|Any CPU.ActiveCfg = Debug|Any CPU
		{59DBBB80-3651-484E-AB48-BD33A9776C1D}.Debug|Any CPU.Build.0 = Debug|Any CPU
		{59DBBB80-3651-484E-AB48-BD33A9776C1D}.Release|Any CPU.ActiveCfg = Release|Any CPU
		{59DBBB80-3651-484E-AB48-BD33A9776C1D}.Release|Any CPU.Build.0 = Release|Any CPU
		{D693B419-B3E7-47FA-851A-A66C493426E9}.AllFeatures|Any CPU.ActiveCfg = Release|Any CPU
		{D693B419-B3E7-47FA-851A-A66C493426E9}.AllFeatures|Any CPU.Build.0 = Release|Any CPU
		{D693B419-B3E7-47FA-851A-A66C493426E9}.Debug|Any CPU.ActiveCfg = Debug|Any CPU
		{D693B419-B3E7-47FA-851A-A66C493426E9}.Debug|Any CPU.Build.0 = Debug|Any CPU
		{D693B419-B3E7-47FA-851A-A66C493426E9}.Release|Any CPU.ActiveCfg = Release|Any CPU
		{D693B419-B3E7-47FA-851A-A66C493426E9}.Release|Any CPU.Build.0 = Release|Any CPU
	EndGlobalSection
	GlobalSection(SolutionProperties) = preSolution
		HideSolutionNode = FALSE
	EndGlobalSection
EndGlobal
